// !$*UTF8*$!
{
	archiveVersion = 1;
	classes = {
	};
	objectVersion = 52;
	objects = {

/* Begin PBXBuildFile section */
		CA0860C626E66C07002F8799 /* Favorites+CoreDataClass.swift in Sources */ = {isa = PBXBuildFile; fileRef = CA0860C426E66C07002F8799 /* Favorites+CoreDataClass.swift */; };
		CA0860C726E66C07002F8799 /* Favorites+CoreDataProperties.swift in Sources */ = {isa = PBXBuildFile; fileRef = CA0860C526E66C07002F8799 /* Favorites+CoreDataProperties.swift */; };
		CA0860C926E67B0D002F8799 /* CoreDataHelper.swift in Sources */ = {isa = PBXBuildFile; fileRef = CA0860C826E67B0D002F8799 /* CoreDataHelper.swift */; };
		CA3F785126E2B24200ACBA4E /* FavoritesViewController.swift in Sources */ = {isa = PBXBuildFile; fileRef = CA3F785026E2B24200ACBA4E /* FavoritesViewController.swift */; };
		CA3F785326E2B8DC00ACBA4E /* FavoritesCollectionCell.swift in Sources */ = {isa = PBXBuildFile; fileRef = CA3F785226E2B8DC00ACBA4E /* FavoritesCollectionCell.swift */; };
		CA42A3DA26D8079B0014F98A /* AppDelegate.swift in Sources */ = {isa = PBXBuildFile; fileRef = CA42A3D926D8079B0014F98A /* AppDelegate.swift */; };
		CA42A3DC26D8079B0014F98A /* SceneDelegate.swift in Sources */ = {isa = PBXBuildFile; fileRef = CA42A3DB26D8079B0014F98A /* SceneDelegate.swift */; };
		CA42A3DE26D8079B0014F98A /* ViewController.swift in Sources */ = {isa = PBXBuildFile; fileRef = CA42A3DD26D8079B0014F98A /* ViewController.swift */; };
		CA42A3E126D8079C0014F98A /* Main.storyboard in Resources */ = {isa = PBXBuildFile; fileRef = CA42A3DF26D8079B0014F98A /* Main.storyboard */; };
		CA42A3E426D8079C0014F98A /* DrinkRacks.xcdatamodeld in Sources */ = {isa = PBXBuildFile; fileRef = CA42A3E226D8079C0014F98A /* DrinkRacks.xcdatamodeld */; };
		CA42A3E626D807A00014F98A /* Assets.xcassets in Resources */ = {isa = PBXBuildFile; fileRef = CA42A3E526D807A00014F98A /* Assets.xcassets */; };
		CA42A3E926D807A00014F98A /* LaunchScreen.storyboard in Resources */ = {isa = PBXBuildFile; fileRef = CA42A3E726D807A00014F98A /* LaunchScreen.storyboard */; };
		CAE0B75226D81587005C7547 /* FetchApi.swift in Sources */ = {isa = PBXBuildFile; fileRef = CAE0B75126D81587005C7547 /* FetchApi.swift */; };
		CAE0B75826D81D80005C7547 /* DrinksCellController.swift in Sources */ = {isa = PBXBuildFile; fileRef = CAE0B75726D81D80005C7547 /* DrinksCellController.swift */; };
		CAE0B75A26D8239E005C7547 /* DrinksViewController.swift in Sources */ = {isa = PBXBuildFile; fileRef = CAE0B75926D8239E005C7547 /* DrinksViewController.swift */; };
		CAE0B75C26D83B65005C7547 /* Drinks.swift in Sources */ = {isa = PBXBuildFile; fileRef = CAE0B75B26D83B65005C7547 /* Drinks.swift */; };
		CAE0B75E26D86104005C7547 /* DrinksDetailViewController.swift in Sources */ = {isa = PBXBuildFile; fileRef = CAE0B75D26D86104005C7547 /* DrinksDetailViewController.swift */; };
/* End PBXBuildFile section */

/* Begin PBXFileReference section */
		CA0860C426E66C07002F8799 /* Favorites+CoreDataClass.swift */ = {isa = PBXFileReference; lastKnownFileType = sourcecode.swift; path = "Favorites+CoreDataClass.swift"; sourceTree = "<group>"; };
		CA0860C526E66C07002F8799 /* Favorites+CoreDataProperties.swift */ = {isa = PBXFileReference; lastKnownFileType = sourcecode.swift; path = "Favorites+CoreDataProperties.swift"; sourceTree = "<group>"; };
		CA0860C826E67B0D002F8799 /* CoreDataHelper.swift */ = {isa = PBXFileReference; lastKnownFileType = sourcecode.swift; path = CoreDataHelper.swift; sourceTree = "<group>"; };
		CA3F785026E2B24200ACBA4E /* FavoritesViewController.swift */ = {isa = PBXFileReference; lastKnownFileType = sourcecode.swift; path = FavoritesViewController.swift; sourceTree = "<group>"; };
		CA3F785226E2B8DC00ACBA4E /* FavoritesCollectionCell.swift */ = {isa = PBXFileReference; lastKnownFileType = sourcecode.swift; path = FavoritesCollectionCell.swift; sourceTree = "<group>"; };
		CA42A3D626D8079B0014F98A /* DrinkRacks.app */ = {isa = PBXFileReference; explicitFileType = wrapper.application; includeInIndex = 0; path = DrinkRacks.app; sourceTree = BUILT_PRODUCTS_DIR; };
		CA42A3D926D8079B0014F98A /* AppDelegate.swift */ = {isa = PBXFileReference; lastKnownFileType = sourcecode.swift; path = AppDelegate.swift; sourceTree = "<group>"; };
		CA42A3DB26D8079B0014F98A /* SceneDelegate.swift */ = {isa = PBXFileReference; lastKnownFileType = sourcecode.swift; path = SceneDelegate.swift; sourceTree = "<group>"; };
		CA42A3DD26D8079B0014F98A /* ViewController.swift */ = {isa = PBXFileReference; lastKnownFileType = sourcecode.swift; path = ViewController.swift; sourceTree = "<group>"; };
		CA42A3E026D8079B0014F98A /* Base */ = {isa = PBXFileReference; lastKnownFileType = file.storyboard; name = Base; path = Base.lproj/Main.storyboard; sourceTree = "<group>"; };
		CA42A3E326D8079C0014F98A /* DrinkRacks.xcdatamodel */ = {isa = PBXFileReference; lastKnownFileType = wrapper.xcdatamodel; path = DrinkRacks.xcdatamodel; sourceTree = "<group>"; };
		CA42A3E526D807A00014F98A /* Assets.xcassets */ = {isa = PBXFileReference; lastKnownFileType = folder.assetcatalog; path = Assets.xcassets; sourceTree = "<group>"; };
		CA42A3E826D807A00014F98A /* Base */ = {isa = PBXFileReference; lastKnownFileType = file.storyboard; name = Base; path = Base.lproj/LaunchScreen.storyboard; sourceTree = "<group>"; };
		CA42A3EA26D807A00014F98A /* Info.plist */ = {isa = PBXFileReference; lastKnownFileType = text.plist.xml; path = Info.plist; sourceTree = "<group>"; };
		CAE0B75126D81587005C7547 /* FetchApi.swift */ = {isa = PBXFileReference; lastKnownFileType = sourcecode.swift; path = FetchApi.swift; sourceTree = "<group>"; };
		CAE0B75726D81D80005C7547 /* DrinksCellController.swift */ = {isa = PBXFileReference; lastKnownFileType = sourcecode.swift; path = DrinksCellController.swift; sourceTree = "<group>"; };
		CAE0B75926D8239E005C7547 /* DrinksViewController.swift */ = {isa = PBXFileReference; lastKnownFileType = sourcecode.swift; path = DrinksViewController.swift; sourceTree = "<group>"; };
		CAE0B75B26D83B65005C7547 /* Drinks.swift */ = {isa = PBXFileReference; lastKnownFileType = sourcecode.swift; path = Drinks.swift; sourceTree = "<group>"; };
		CAE0B75D26D86104005C7547 /* DrinksDetailViewController.swift */ = {isa = PBXFileReference; lastKnownFileType = sourcecode.swift; path = DrinksDetailViewController.swift; sourceTree = "<group>"; };
/* End PBXFileReference section */

/* Begin PBXFrameworksBuildPhase section */
		CA42A3D326D8079B0014F98A /* Frameworks */ = {
			isa = PBXFrameworksBuildPhase;
			buildActionMask = 2147483647;
			files = (
			);
			runOnlyForDeploymentPostprocessing = 0;
		};
/* End PBXFrameworksBuildPhase section */

/* Begin PBXGroup section */
		CA42A3CD26D8079B0014F98A = {
			isa = PBXGroup;
			children = (
				CA42A3D826D8079B0014F98A /* DrinkRacks */,
				CA42A3D726D8079B0014F98A /* Products */,
			);
			sourceTree = "<group>";
		};
		CA42A3D726D8079B0014F98A /* Products */ = {
			isa = PBXGroup;
			children = (
				CA42A3D626D8079B0014F98A /* DrinkRacks.app */,
			);
			name = Products;
			sourceTree = "<group>";
		};
		CA42A3D826D8079B0014F98A /* DrinkRacks */ = {
			isa = PBXGroup;
			children = (
				CAE0B75026D8156E005C7547 /* HelperFlles */,
				CAE0B74F26D8151B005C7547 /* CoreDataModels */,
				CAE0B74C26D814D5005C7547 /* ViewControllers */,
				CA42A3D926D8079B0014F98A /* AppDelegate.swift */,
				CA42A3DB26D8079B0014F98A /* SceneDelegate.swift */,
				CA42A3DD26D8079B0014F98A /* ViewController.swift */,
				CA42A3DF26D8079B0014F98A /* Main.storyboard */,
				CA42A3E526D807A00014F98A /* Assets.xcassets */,
				CA42A3E726D807A00014F98A /* LaunchScreen.storyboard */,
				CA42A3EA26D807A00014F98A /* Info.plist */,
				CA42A3E226D8079C0014F98A /* DrinkRacks.xcdatamodeld */,
			);
			path = DrinkRacks;
			sourceTree = "<group>";
		};
		CAE0B74C26D814D5005C7547 /* ViewControllers */ = {
			isa = PBXGroup;
			children = (
				CAE0B74E26D814F8005C7547 /* FavoritesView */,
				CAE0B74D26D814E2005C7547 /* MainView */,
			);
			path = ViewControllers;
			sourceTree = "<group>";
		};
		CAE0B74D26D814E2005C7547 /* MainView */ = {
			isa = PBXGroup;
			children = (
				CAE0B75726D81D80005C7547 /* DrinksCellController.swift */,
				CAE0B75926D8239E005C7547 /* DrinksViewController.swift */,
				CAE0B75D26D86104005C7547 /* DrinksDetailViewController.swift */,
			);
			path = MainView;
			sourceTree = "<group>";
		};
		CAE0B74E26D814F8005C7547 /* FavoritesView */ = {
			isa = PBXGroup;
			children = (
				CA3F785026E2B24200ACBA4E /* FavoritesViewController.swift */,
				CA3F785226E2B8DC00ACBA4E /* FavoritesCollectionCell.swift */,
			);
			path = FavoritesView;
			sourceTree = "<group>";
		};
		CAE0B74F26D8151B005C7547 /* CoreDataModels */ = {
			isa = PBXGroup;
			children = (
				CA0860C426E66C07002F8799 /* Favorites+CoreDataClass.swift */,
				CA0860C526E66C07002F8799 /* Favorites+CoreDataProperties.swift */,
			);
			path = CoreDataModels;
			sourceTree = "<group>";
		};
		CAE0B75026D8156E005C7547 /* HelperFlles */ = {
			isa = PBXGroup;
			children = (
				CAE0B75126D81587005C7547 /* FetchApi.swift */,
				CAE0B75B26D83B65005C7547 /* Drinks.swift */,
				CA0860C826E67B0D002F8799 /* CoreDataHelper.swift */,
			);
			path = HelperFlles;
			sourceTree = "<group>";
		};
/* End PBXGroup section */

/* Begin PBXNativeTarget section */
		CA42A3D526D8079B0014F98A /* DrinkRacks */ = {
			isa = PBXNativeTarget;
			buildConfigurationList = CA42A3ED26D807A00014F98A /* Build configuration list for PBXNativeTarget "DrinkRacks" */;
			buildPhases = (
				CA42A3D226D8079B0014F98A /* Sources */,
				CA42A3D326D8079B0014F98A /* Frameworks */,
				CA42A3D426D8079B0014F98A /* Resources */,
			);
			buildRules = (
			);
			dependencies = (
			);
			name = DrinkRacks;
			productName = DrinkRacks;
			productReference = CA42A3D626D8079B0014F98A /* DrinkRacks.app */;
			productType = "com.apple.product-type.application";
		};
/* End PBXNativeTarget section */

/* Begin PBXProject section */
		CA42A3CE26D8079B0014F98A /* Project object */ = {
			isa = PBXProject;
			attributes = {
				LastSwiftUpdateCheck = 1150;
				LastUpgradeCheck = 1150;
				ORGANIZATIONNAME = "Lea W. Leonard";
				TargetAttributes = {
					CA42A3D526D8079B0014F98A = {
						CreatedOnToolsVersion = 11.5;
					};
				};
			};
			buildConfigurationList = CA42A3D126D8079B0014F98A /* Build configuration list for PBXProject "DrinkRacks" */;
			compatibilityVersion = "Xcode 11.0";
			developmentRegion = en;
			hasScannedForEncodings = 0;
			knownRegions = (
				en,
				Base,
			);
			mainGroup = CA42A3CD26D8079B0014F98A;
			productRefGroup = CA42A3D726D8079B0014F98A /* Products */;
			projectDirPath = "";
			projectRoot = "";
			targets = (
				CA42A3D526D8079B0014F98A /* DrinkRacks */,
			);
		};
/* End PBXProject section */

/* Begin PBXResourcesBuildPhase section */
		CA42A3D426D8079B0014F98A /* Resources */ = {
			isa = PBXResourcesBuildPhase;
			buildActionMask = 2147483647;
			files = (
				CA42A3E926D807A00014F98A /* LaunchScreen.storyboard in Resources */,
				CA42A3E626D807A00014F98A /* Assets.xcassets in Resources */,
				CA42A3E126D8079C0014F98A /* Main.storyboard in Resources */,
			);
			runOnlyForDeploymentPostprocessing = 0;
		};
/* End PBXResourcesBuildPhase section */

/* Begin PBXSourcesBuildPhase section */
		CA42A3D226D8079B0014F98A /* Sources */ = {
			isa = PBXSourcesBuildPhase;
			buildActionMask = 2147483647;
			files = (
				CA42A3DE26D8079B0014F98A /* ViewController.swift in Sources */,
				CA3F785326E2B8DC00ACBA4E /* FavoritesCollectionCell.swift in Sources */,
				CA0860C726E66C07002F8799 /* Favorites+CoreDataProperties.swift in Sources */,
				CAE0B75226D81587005C7547 /* FetchApi.swift in Sources */,
				CAE0B75C26D83B65005C7547 /* Drinks.swift in Sources */,
				CAE0B75A26D8239E005C7547 /* DrinksViewController.swift in Sources */,
				CA42A3DA26D8079B0014F98A /* AppDelegate.swift in Sources */,
				CAE0B75826D81D80005C7547 /* DrinksCellController.swift in Sources */,
				CAE0B75E26D86104005C7547 /* DrinksDetailViewController.swift in Sources */,
				CA42A3DC26D8079B0014F98A /* SceneDelegate.swift in Sources */,
				CA0860C926E67B0D002F8799 /* CoreDataHelper.swift in Sources */,
				CA3F785126E2B24200ACBA4E /* FavoritesViewController.swift in Sources */,
				CA42A3E426D8079C0014F98A /* DrinkRacks.xcdatamodeld in Sources */,
				CA0860C626E66C07002F8799 /* Favorites+CoreDataClass.swift in Sources */,
			);
			runOnlyForDeploymentPostprocessing = 0;
		};
/* End PBXSourcesBuildPhase section */

/* Begin PBXVariantGroup section */
		CA42A3DF26D8079B0014F98A /* Main.storyboard */ = {
			isa = PBXVariantGroup;
			children = (
				CA42A3E026D8079B0014F98A /* Base */,
			);
			name = Main.storyboard;
			sourceTree = "<group>";
		};
		CA42A3E726D807A00014F98A /* LaunchScreen.storyboard */ = {
			isa = PBXVariantGroup;
			children = (
				CA42A3E826D807A00014F98A /* Base */,
			);
			name = LaunchScreen.storyboard;
			sourceTree = "<group>";
		};
/* End PBXVariantGroup section */

/* Begin XCBuildConfiguration section */
		CA42A3EB26D807A00014F98A /* Debug */ = {
			isa = XCBuildConfiguration;
			buildSettings = {
				ALWAYS_SEARCH_USER_PATHS = NO;
				CLANG_ANALYZER_NONNULL = YES;
				CLANG_ANALYZER_NUMBER_OBJECT_CONVERSION = YES_AGGRESSIVE;
				CLANG_CXX_LANGUAGE_STANDARD = "gnu++14";
				CLANG_CXX_LIBRARY = "libc++";
				CLANG_ENABLE_MODULES = YES;
				CLANG_ENABLE_OBJC_ARC = YES;
				CLANG_ENABLE_OBJC_WEAK = YES;
				CLANG_WARN_BLOCK_CAPTURE_AUTORELEASING = YES;
				CLANG_WARN_BOOL_CONVERSION = YES;
				CLANG_WARN_COMMA = YES;
				CLANG_WARN_CONSTANT_CONVERSION = YES;
				CLANG_WARN_DEPRECATED_OBJC_IMPLEMENTATIONS = YES;
				CLANG_WARN_DIRECT_OBJC_ISA_USAGE = YES_ERROR;
				CLANG_WARN_DOCUMENTATION_COMMENTS = YES;
				CLANG_WARN_EMPTY_BODY = YES;
				CLANG_WARN_ENUM_CONVERSION = YES;
				CLANG_WARN_INFINITE_RECURSION = YES;
				CLANG_WARN_INT_CONVERSION = YES;
				CLANG_WARN_NON_LITERAL_NULL_CONVERSION = YES;
				CLANG_WARN_OBJC_IMPLICIT_RETAIN_SELF = YES;
				CLANG_WARN_OBJC_LITERAL_CONVERSION = YES;
				CLANG_WARN_OBJC_ROOT_CLASS = YES_ERROR;
				CLANG_WARN_RANGE_LOOP_ANALYSIS = YES;
				CLANG_WARN_STRICT_PROTOTYPES = YES;
				CLANG_WARN_SUSPICIOUS_MOVE = YES;
				CLANG_WARN_UNGUARDED_AVAILABILITY = YES_AGGRESSIVE;
				CLANG_WARN_UNREACHABLE_CODE = YES;
				CLANG_WARN__DUPLICATE_METHOD_MATCH = YES;
				COPY_PHASE_STRIP = NO;
				DEBUG_INFORMATION_FORMAT = dwarf;
				ENABLE_STRICT_OBJC_MSGSEND = YES;
				ENABLE_TESTABILITY = YES;
				GCC_C_LANGUAGE_STANDARD = gnu11;
				GCC_DYNAMIC_NO_PIC = NO;
				GCC_NO_COMMON_BLOCKS = YES;
				GCC_OPTIMIZATION_LEVEL = 0;
				GCC_PREPROCESSOR_DEFINITIONS = (
					"DEBUG=1",
					"$(inherited)",
				);
				GCC_WARN_64_TO_32_BIT_CONVERSION = YES;
				GCC_WARN_ABOUT_RETURN_TYPE = YES_ERROR;
				GCC_WARN_UNDECLARED_SELECTOR = YES;
				GCC_WARN_UNINITIALIZED_AUTOS = YES_AGGRESSIVE;
				GCC_WARN_UNUSED_FUNCTION = YES;
				GCC_WARN_UNUSED_VARIABLE = YES;
				IPHONEOS_DEPLOYMENT_TARGET = 13.5;
				MTL_ENABLE_DEBUG_INFO = INCLUDE_SOURCE;
				MTL_FAST_MATH = YES;
				ONLY_ACTIVE_ARCH = YES;
				SDKROOT = iphoneos;
				SWIFT_ACTIVE_COMPILATION_CONDITIONS = DEBUG;
				SWIFT_OPTIMIZATION_LEVEL = "-Onone";
			};
			name = Debug;
		};
		CA42A3EC26D807A00014F98A /* Release */ = {
			isa = XCBuildConfiguration;
			buildSettings = {
				ALWAYS_SEARCH_USER_PATHS = NO;
				CLANG_ANALYZER_NONNULL = YES;
				CLANG_ANALYZER_NUMBER_OBJECT_CONVERSION = YES_AGGRESSIVE;
				CLANG_CXX_LANGUAGE_STANDARD = "gnu++14";
				CLANG_CXX_LIBRARY = "libc++";
				CLANG_ENABLE_MODULES = YES;
				CLANG_ENABLE_OBJC_ARC = YES;
				CLANG_ENABLE_OBJC_WEAK = YES;
				CLANG_WARN_BLOCK_CAPTURE_AUTORELEASING = YES;
				CLANG_WARN_BOOL_CONVERSION = YES;
				CLANG_WARN_COMMA = YES;
				CLANG_WARN_CONSTANT_CONVERSION = YES;
				CLANG_WARN_DEPRECATED_OBJC_IMPLEMENTATIONS = YES;
				CLANG_WARN_DIRECT_OBJC_ISA_USAGE = YES_ERROR;
				CLANG_WARN_DOCUMENTATION_COMMENTS = YES;
				CLANG_WARN_EMPTY_BODY = YES;
				CLANG_WARN_ENUM_CONVERSION = YES;
				CLANG_WARN_INFINITE_RECURSION = YES;
				CLANG_WARN_INT_CONVERSION = YES;
				CLANG_WARN_NON_LITERAL_NULL_CONVERSION = YES;
				CLANG_WARN_OBJC_IMPLICIT_RETAIN_SELF = YES;
				CLANG_WARN_OBJC_LITERAL_CONVERSION = YES;
				CLANG_WARN_OBJC_ROOT_CLASS = YES_ERROR;
				CLANG_WARN_RANGE_LOOP_ANALYSIS = YES;
				CLANG_WARN_STRICT_PROTOTYPES = YES;
				CLANG_WARN_SUSPICIOUS_MOVE = YES;
				CLANG_WARN_UNGUARDED_AVAILABILITY = YES_AGGRESSIVE;
				CLANG_WARN_UNREACHABLE_CODE = YES;
				CLANG_WARN__DUPLICATE_METHOD_MATCH = YES;
				COPY_PHASE_STRIP = NO;
				DEBUG_INFORMATION_FORMAT = "dwarf-with-dsym";
				ENABLE_NS_ASSERTIONS = NO;
				ENABLE_STRICT_OBJC_MSGSEND = YES;
				GCC_C_LANGUAGE_STANDARD = gnu11;
				GCC_NO_COMMON_BLOCKS = YES;
				GCC_WARN_64_TO_32_BIT_CONVERSION = YES;
				GCC_WARN_ABOUT_RETURN_TYPE = YES_ERROR;
				GCC_WARN_UNDECLARED_SELECTOR = YES;
				GCC_WARN_UNINITIALIZED_AUTOS = YES_AGGRESSIVE;
				GCC_WARN_UNUSED_FUNCTION = YES;
				GCC_WARN_UNUSED_VARIABLE = YES;
				IPHONEOS_DEPLOYMENT_TARGET = 13.5;
				MTL_ENABLE_DEBUG_INFO = NO;
				MTL_FAST_MATH = YES;
				SDKROOT = iphoneos;
				SWIFT_COMPILATION_MODE = wholemodule;
				SWIFT_OPTIMIZATION_LEVEL = "-O";
				VALIDATE_PRODUCT = YES;
			};
			name = Release;
		};
		CA42A3EE26D807A00014F98A /* Debug */ = {
			isa = XCBuildConfiguration;
			buildSettings = {
				ASSETCATALOG_COMPILER_APPICON_NAME = AppIcon;
				CODE_SIGN_STYLE = Automatic;
				INFOPLIST_FILE = DrinkRacks/Info.plist;
				LD_RUNPATH_SEARCH_PATHS = (
					"$(inherited)",
					"@executable_path/Frameworks",
				);
				PRODUCT_BUNDLE_IDENTIFIER = "lea.wleonard-revature.net.DrinkRacks";
				PRODUCT_NAME = "$(TARGET_NAME)";
				SWIFT_VERSION = 5.0;
				TARGETED_DEVICE_FAMILY = "1,2";
			};
			name = Debug;
		};
		CA42A3EF26D807A00014F98A /* Release */ = {
			isa = XCBuildConfiguration;
			buildSettings = {
				ASSETCATALOG_COMPILER_APPICON_NAME = AppIcon;
				CODE_SIGN_STYLE = Automatic;
				INFOPLIST_FILE = DrinkRacks/Info.plist;
				LD_RUNPATH_SEARCH_PATHS = (
					"$(inherited)",
					"@executable_path/Frameworks",
				);
				PRODUCT_BUNDLE_IDENTIFIER = "lea.wleonard-revature.net.DrinkRacks";
				PRODUCT_NAME = "$(TARGET_NAME)";
				SWIFT_VERSION = 5.0;
				TARGETED_DEVICE_FAMILY = "1,2";
			};
			name = Release;
		};
/* End XCBuildConfiguration section */

/* Begin XCConfigurationList section */
		CA42A3D126D8079B0014F98A /* Build configuration list for PBXProject "DrinkRacks" */ = {
			isa = XCConfigurationList;
			buildConfigurations = (
				CA42A3EB26D807A00014F98A /* Debug */,
				CA42A3EC26D807A00014F98A /* Release */,
			);
			defaultConfigurationIsVisible = 0;
			defaultConfigurationName = Release;
		};
		CA42A3ED26D807A00014F98A /* Build configuration list for PBXNativeTarget "DrinkRacks" */ = {
			isa = XCConfigurationList;
			buildConfigurations = (
				CA42A3EE26D807A00014F98A /* Debug */,
				CA42A3EF26D807A00014F98A /* Release */,
			);
			defaultConfigurationIsVisible = 0;
			defaultConfigurationName = Release;
		};
/* End XCConfigurationList section */

/* Begin XCVersionGroup section */
		CA42A3E226D8079C0014F98A /* DrinkRacks.xcdatamodeld */ = {
			isa = XCVersionGroup;
			children = (
				CA42A3E326D8079C0014F98A /* DrinkRacks.xcdatamodel */,
			);
			currentVersion = CA42A3E326D8079C0014F98A /* DrinkRacks.xcdatamodel */;
			path = DrinkRacks.xcdatamodeld;
			sourceTree = "<group>";
			versionGroupType = wrapper.xcdatamodel;
		};
/* End XCVersionGroup section */
	};
	rootObject = CA42A3CE26D8079B0014F98A /* Project object */;
}
